
Microsoft Visual Studio Solution File, Format Version 12.00
# Visual Studio Version 17
VisualStudioVersion = 17.0.31612.314
MinimumVisualStudioVersion = 10.0.40219.1
Project("{2150E333-8FDC-42A3-9474-1A3956D46DE8}") = "application", "application", "{25356525-8AFD-4B87-9D27-D1CA1D1A6A17}"
EndProject
Project("{2150E333-8FDC-42A3-9474-1A3956D46DE8}") = "server", "server", "{2600463A-238C-4171-8AA8-6BCD909ADDC7}"
EndProject
Project("{9A19103F-16F7-4668-BE54-9A1E7A4F7556}") = "Server", "server\Server\Server.csproj", "{905B074E-406D-4D4B-ACF7-22B488EE4D2E}"
EndProject
Project("{9A19103F-16F7-4668-BE54-9A1E7A4F7556}") = "Endpoints", "application\Endpoints\Endpoints.csproj", "{CA33AB9C-5D7A-4FBC-9127-B5C33CF970BF}"
EndProject
Project("{9A19103F-16F7-4668-BE54-9A1E7A4F7556}") = "Transport", "application\Transport\Transport.csproj", "{36D70E09-29AE-4746-98DA-F6B4F67D5BDB}"
EndProject
Project("{9A19103F-16F7-4668-BE54-9A1E7A4F7556}") = "Transport.Contract", "application\Transport.Contract\Transport.Contract.csproj", "{EA6E8F89-C6DE-45F5-B5A9-386F0C3F85A9}"
EndProject
Project("{9A19103F-16F7-4668-BE54-9A1E7A4F7556}") = "Management.Contract", "application\Management.Contract\Management.Contract.csproj", "{5B5FF0D8-2551-4AD8-975C-DEC7E7C1354E}"
EndProject
Project("{2150E333-8FDC-42A3-9474-1A3956D46DE8}") = "data", "data", "{E9436848-A5FC-41BE-B345-609E35C38C00}"
EndProject
Project("{9A19103F-16F7-4668-BE54-9A1E7A4F7556}") = "Objects", "data\Objects\Objects.csproj", "{DE6FD4F4-4847-4048-8D15-C3151E7CD5CC}"
EndProject
Project("{9A19103F-16F7-4668-BE54-9A1E7A4F7556}") = "Management", "application\Management\Management.csproj", "{476D9F6B-61B7-4FC2-824F-2CB9A0EA18E5}"
EndProject
Project("{2150E333-8FDC-42A3-9474-1A3956D46DE8}") = "shared", "shared", "{536F15A9-214D-459F-8EC4-8950C78E1BD0}"
EndProject
Project("{9A19103F-16F7-4668-BE54-9A1E7A4F7556}") = "Data.StaticDictionary", "data\Data.StaticDictionary\Data.StaticDictionary.csproj", "{50EF97DA-CB06-4E4E-B596-C265CD5DBB2F}"
EndProject
Project("{9A19103F-16F7-4668-BE54-9A1E7A4F7556}") = "Security.Claims", "shared\Security.Claims\Security.Claims.csproj", "{45718219-01C3-4B23-B0AD-628FF54EDD53}"
EndProject
Project("{9A19103F-16F7-4668-BE54-9A1E7A4F7556}") = "Security.RequestUser", "shared\Security.RequestUser\Security.RequestUser.csproj", "{0C74D3D6-BAAE-4A51-BC12-438EF78D314C}"
EndProject
Project("{9A19103F-16F7-4668-BE54-9A1E7A4F7556}") = "Caching", "data\Caching\Caching.csproj", "{F09036B9-FDC1-4010-BF71-BD10DD57794F}"
EndProject
Project("{9A19103F-16F7-4668-BE54-9A1E7A4F7556}") = "Caching.Contract", "data\Caching.Contract\Caching.Contract.csproj", "{8478FB31-10FE-4E28-9B23-6ED51307794D}"
EndProject
Project("{9A19103F-16F7-4668-BE54-9A1E7A4F7556}") = "Data.Contract", "data\Data.Contract\Data.Contract.csproj", "{EADC41AC-9854-4EC6-B6AD-F7E8B22F087B}"
EndProject
Project("{9A19103F-16F7-4668-BE54-9A1E7A4F7556}") = "Validation", "shared\Validation\Validation.csproj", "{AFD148A8-8894-4B0F-987B-21ABB51D7D5F}"
EndProject
Project("{9A19103F-16F7-4668-BE54-9A1E7A4F7556}") = "ObjectValidation", "data\ObjectValidation\ObjectValidation.csproj", "{C907C730-715E-493E-A965-B38945259E56}"
EndProject
Project("{9A19103F-16F7-4668-BE54-9A1E7A4F7556}") = "Data.StaticDictionaryModel", "data\Data.StaticDictionaryModel\Data.StaticDictionaryModel.csproj", "{541DCCA7-7E6B-45DF-BAA8-4F5DCB922180}"
EndProject
Project("{9A19103F-16F7-4668-BE54-9A1E7A4F7556}") = "Metadata", "shared\Metadata\Metadata.csproj", "{726DB87D-2DBE-4BD9-84D3-A48CC3E5096A}"
EndProject
Project("{9A19103F-16F7-4668-BE54-9A1E7A4F7556}") = "Ticker", "server\Ticker\Ticker.csproj", "{1C4CA042-61F5-49AA-8677-E786B9A4362C}"
EndProject
Project("{2150E333-8FDC-42A3-9474-1A3956D46DE8}") = "configuration", "configuration", "{609B831E-975C-4423-8D97-82555007A815}"
EndProject
Project("{9A19103F-16F7-4668-BE54-9A1E7A4F7556}") = "Configuration", "configuration\Configuration\Configuration.csproj", "{54547958-3E78-4207-BB42-8C175FBCABF1}"
EndProject
Project("{9A19103F-16F7-4668-BE54-9A1E7A4F7556}") = "Configuration.Contract", "configuration\Configuration.Contract\Configuration.Contract.csproj", "{C38BEC90-057E-4BBD-B6DB-1C466CD2FC8D}"
EndProject
Project("{9A19103F-16F7-4668-BE54-9A1E7A4F7556}") = "Proxies", "configuration\Proxies\Proxies.csproj", "{64088FF6-27D9-4784-9007-5EF9C5D9E775}"
EndProject
Project("{9A19103F-16F7-4668-BE54-9A1E7A4F7556}") = "Logging.Xunit", "shared\Logging.Xunit\Logging.Xunit.csproj", "{06A4D320-B7C9-4D74-946B-9F8748D55B58}"
EndProject
Project("{9A19103F-16F7-4668-BE54-9A1E7A4F7556}") = "Events.Contract", "data\Events.Contract\Events.Contract.csproj", "{A2138440-44FA-4B75-A3D3-176F6A245EE4}"
EndProject
Project("{9A19103F-16F7-4668-BE54-9A1E7A4F7556}") = "Events.ThreadingChannels", "data\Events.ThreadingChannels\Events.ThreadingChannels.csproj", "{91A31ABF-CC23-497A-BCAC-030783DFDBF0}"
EndProject
Project("{9A19103F-16F7-4668-BE54-9A1E7A4F7556}") = "Events.ThreadingChannels.Tests", "data\Events.ThreadingChannels.Tests\Events.ThreadingChannels.Tests.csproj", "{5B4F8366-A310-4852-9BCE-0329B4201FAB}"
EndProject
Project("{9A19103F-16F7-4668-BE54-9A1E7A4F7556}") = "Orchestration", "application\Orchestration\Orchestration.csproj", "{857BA7B6-C5A4-4393-A794-F67D28DD0077}"
EndProject
Project("{9A19103F-16F7-4668-BE54-9A1E7A4F7556}") = "Orchestration.Contract", "application\Orchestration.Contract\Orchestration.Contract.csproj", "{5D560927-EC59-4344-AC72-DC8282A83F3C}"
EndProject
Project("{2150E333-8FDC-42A3-9474-1A3956D46DE8}") = "server-tests", "server-tests", "{F61E75CF-8C8A-4B31-A5D2-FF7B08451006}"
EndProject
Project("{9A19103F-16F7-4668-BE54-9A1E7A4F7556}") = "Server.EndpointTests", "server-tests\Server.EndpointTests\Server.EndpointTests.csproj", "{5D00E1F3-F0BB-4CE7-819A-58883EA2D2F1}"
EndProject
Project("{9A19103F-16F7-4668-BE54-9A1E7A4F7556}") = "Server.MultitenancyTests", "server-tests\Server.MultitenancyTests\Server.MultitenancyTests.csproj", "{D0AB37D1-ED8A-4925-94F5-AEDC195FCA23}"
EndProject
Project("{9A19103F-16F7-4668-BE54-9A1E7A4F7556}") = "Server.SecurityTests", "server-tests\Server.SecurityTests\Server.SecurityTests.csproj", "{58B17EFB-23FA-404A-B601-C705F8AB5285}"
EndProject
Project("{9A19103F-16F7-4668-BE54-9A1E7A4F7556}") = "Ticker.EndpointTests", "server-tests\Ticker.EndpointTests\Ticker.EndpointTests.csproj", "{3D3D59EB-7E00-4F25-A9A7-76FD46374B38}"
EndProject
Project("{9A19103F-16F7-4668-BE54-9A1E7A4F7556}") = "Ticker.IntegrationTests", "server-tests\Ticker.IntegrationTests\Ticker.IntegrationTests.csproj", "{7149AB89-99B6-4C55-8E22-6F8896E874CB}"
EndProject
Project("{9A19103F-16F7-4668-BE54-9A1E7A4F7556}") = "Ticker.MultitenancyTests", "server-tests\Ticker.MultitenancyTests\Ticker.MultitenancyTests.csproj", "{D3315D65-938C-49E5-B4B9-6B08C3BFF3F7}"
EndProject
Project("{9A19103F-16F7-4668-BE54-9A1E7A4F7556}") = "Ticker.SecurityTests", "server-tests\Ticker.SecurityTests\Ticker.SecurityTests.csproj", "{9802D998-EF70-4742-867D-A01D64BDB284}"
EndProject
Project("{9A19103F-16F7-4668-BE54-9A1E7A4F7556}") = "Subscriptions", "application\Subscriptions\Subscriptions.csproj", "{AF53F5D7-3EAF-4963-AB7F-4E0860B564C8}"
EndProject
Project("{9A19103F-16F7-4668-BE54-9A1E7A4F7556}") = "Ticker.SubscriptionTests", "server-tests\Ticker.SubscriptionTests\Ticker.SubscriptionTests.csproj", "{B44BF9E4-CF68-40CC-9A11-D00F8C3AFE7A}"
EndProject
Project("{9A19103F-16F7-4668-BE54-9A1E7A4F7556}") = "Schedule", "application\Schedule\Schedule.csproj", "{175FF026-1147-4344-9869-21F1E57F0B58}"
EndProject
Project("{9A19103F-16F7-4668-BE54-9A1E7A4F7556}") = "Jobs.Contract", "data\Jobs.Contract\Jobs.Contract.csproj", "{6CA1169D-AE3B-479B-B021-7969942D750F}"
EndProject
Project("{9A19103F-16F7-4668-BE54-9A1E7A4F7556}") = "Jobs.SequentialQueue", "data\Jobs.SequentialQueue\Jobs.SequentialQueue.csproj", "{11DE8C21-991E-4CFB-B8EC-F65B99BF5BF7}"
EndProject
Project("{9A19103F-16F7-4668-BE54-9A1E7A4F7556}") = "Server.SubscriptionTests", "server-tests\Server.SubscriptionTests\Server.SubscriptionTests.csproj", "{23A52B6C-FA92-4870-B5DF-6CDF07C618F5}"
EndProject
Project("{9A19103F-16F7-4668-BE54-9A1E7A4F7556}") = "Web", "data\Web\Web.csproj", "{0E831A96-462C-4C0F-944A-C5D2F7095729}"
EndProject
Project("{9A19103F-16F7-4668-BE54-9A1E7A4F7556}") = "Web.Contract", "data\Web.Contract\Web.Contract.csproj", "{094B8612-3F86-48E4-BCA6-41F543ACB92C}"
EndProject
Project("{9A19103F-16F7-4668-BE54-9A1E7A4F7556}") = "Transport.Web", "application\Transport.Web\Transport.Web.csproj", "{7DBA285D-9978-4CDE-B04C-12B175CAA3D0}"
EndProject
Project("{2150E333-8FDC-42A3-9474-1A3956D46DE8}") = "frontend", "frontend", "{1E235EAA-8537-49A2-9D80-643C1025DB78}"
EndProject
Project("{9A19103F-16F7-4668-BE54-9A1E7A4F7556}") = "Portal", "frontend\Portal\Portal.csproj", "{D857AA4E-3C7B-46FA-AE18-06917AAA4410}"
EndProject
Project("{9A19103F-16F7-4668-BE54-9A1E7A4F7556}") = "Swagger", "frontend\Swagger\Swagger.csproj", "{E158E05D-AD8D-4A89-8C7E-887190CB4C24}"
EndProject
Project("{9A19103F-16F7-4668-BE54-9A1E7A4F7556}") = "SeedProxies", "configuration\SeedProxies\SeedProxies.csproj", "{37C86246-AF1B-4C5E-B369-25784E866A6D}"
EndProject
Project("{9A19103F-16F7-4668-BE54-9A1E7A4F7556}") = "DevLog", "frontend\DevLog\DevLog.csproj", "{28F13B18-9DF0-4AEC-A6DD-D2AD3E80CA12}"
EndProject
Project("{9A19103F-16F7-4668-BE54-9A1E7A4F7556}") = "QuerySearch", "shared\QuerySearch\QuerySearch.csproj", "{CF732CB8-0EC5-40D1-B7E1-3340F1E8F046}"
EndProject
Project("{9A19103F-16F7-4668-BE54-9A1E7A4F7556}") = "QuerySearch.Tests", "shared\QuerySearch.Tests\QuerySearch.Tests.csproj", "{FCB4D446-9EFD-464C-8B0A-664C69A4F32D}"
EndProject
Project("{FAE04EC0-301F-11D3-BF4B-00C04F79EFBC}") = "Data.EntityFramework", "data\Data.EntityFramework\Data.EntityFramework.csproj", "{563E8AF8-5FEF-4210-AB09-DEF5666F5905}"
EndProject
Project("{9A19103F-16F7-4668-BE54-9A1E7A4F7556}") = "Data.EntityFramework.Sqlite", "data\Data.EntityFramework.Sqlite\Data.EntityFramework.Sqlite.csproj", "{63168C85-EA99-417F-A98E-6DE6E9F13572}"
EndProject
Global
	GlobalSection(SolutionConfigurationPlatforms) = preSolution
		Debug|Any CPU = Debug|Any CPU
		Release|Any CPU = Release|Any CPU
	EndGlobalSection
	GlobalSection(ProjectConfigurationPlatforms) = postSolution
		{905B074E-406D-4D4B-ACF7-22B488EE4D2E}.Debug|Any CPU.ActiveCfg = Debug|Any CPU
		{905B074E-406D-4D4B-ACF7-22B488EE4D2E}.Debug|Any CPU.Build.0 = Debug|Any CPU
		{905B074E-406D-4D4B-ACF7-22B488EE4D2E}.Release|Any CPU.ActiveCfg = Release|Any CPU
		{905B074E-406D-4D4B-ACF7-22B488EE4D2E}.Release|Any CPU.Build.0 = Release|Any CPU
		{CA33AB9C-5D7A-4FBC-9127-B5C33CF970BF}.Debug|Any CPU.ActiveCfg = Debug|Any CPU
		{CA33AB9C-5D7A-4FBC-9127-B5C33CF970BF}.Debug|Any CPU.Build.0 = Debug|Any CPU
		{CA33AB9C-5D7A-4FBC-9127-B5C33CF970BF}.Release|Any CPU.ActiveCfg = Release|Any CPU
		{CA33AB9C-5D7A-4FBC-9127-B5C33CF970BF}.Release|Any CPU.Build.0 = Release|Any CPU
		{36D70E09-29AE-4746-98DA-F6B4F67D5BDB}.Debug|Any CPU.ActiveCfg = Debug|Any CPU
		{36D70E09-29AE-4746-98DA-F6B4F67D5BDB}.Debug|Any CPU.Build.0 = Debug|Any CPU
		{36D70E09-29AE-4746-98DA-F6B4F67D5BDB}.Release|Any CPU.ActiveCfg = Release|Any CPU
		{36D70E09-29AE-4746-98DA-F6B4F67D5BDB}.Release|Any CPU.Build.0 = Release|Any CPU
		{EA6E8F89-C6DE-45F5-B5A9-386F0C3F85A9}.Debug|Any CPU.ActiveCfg = Debug|Any CPU
		{EA6E8F89-C6DE-45F5-B5A9-386F0C3F85A9}.Debug|Any CPU.Build.0 = Debug|Any CPU
		{EA6E8F89-C6DE-45F5-B5A9-386F0C3F85A9}.Release|Any CPU.ActiveCfg = Release|Any CPU
		{EA6E8F89-C6DE-45F5-B5A9-386F0C3F85A9}.Release|Any CPU.Build.0 = Release|Any CPU
		{5B5FF0D8-2551-4AD8-975C-DEC7E7C1354E}.Debug|Any CPU.ActiveCfg = Debug|Any CPU
		{5B5FF0D8-2551-4AD8-975C-DEC7E7C1354E}.Debug|Any CPU.Build.0 = Debug|Any CPU
		{5B5FF0D8-2551-4AD8-975C-DEC7E7C1354E}.Release|Any CPU.ActiveCfg = Release|Any CPU
		{5B5FF0D8-2551-4AD8-975C-DEC7E7C1354E}.Release|Any CPU.Build.0 = Release|Any CPU
		{DE6FD4F4-4847-4048-8D15-C3151E7CD5CC}.Debug|Any CPU.ActiveCfg = Debug|Any CPU
		{DE6FD4F4-4847-4048-8D15-C3151E7CD5CC}.Debug|Any CPU.Build.0 = Debug|Any CPU
		{DE6FD4F4-4847-4048-8D15-C3151E7CD5CC}.Release|Any CPU.ActiveCfg = Release|Any CPU
		{DE6FD4F4-4847-4048-8D15-C3151E7CD5CC}.Release|Any CPU.Build.0 = Release|Any CPU
		{476D9F6B-61B7-4FC2-824F-2CB9A0EA18E5}.Debug|Any CPU.ActiveCfg = Debug|Any CPU
		{476D9F6B-61B7-4FC2-824F-2CB9A0EA18E5}.Debug|Any CPU.Build.0 = Debug|Any CPU
		{476D9F6B-61B7-4FC2-824F-2CB9A0EA18E5}.Release|Any CPU.ActiveCfg = Release|Any CPU
		{476D9F6B-61B7-4FC2-824F-2CB9A0EA18E5}.Release|Any CPU.Build.0 = Release|Any CPU
		{50EF97DA-CB06-4E4E-B596-C265CD5DBB2F}.Debug|Any CPU.ActiveCfg = Debug|Any CPU
		{50EF97DA-CB06-4E4E-B596-C265CD5DBB2F}.Debug|Any CPU.Build.0 = Debug|Any CPU
		{50EF97DA-CB06-4E4E-B596-C265CD5DBB2F}.Release|Any CPU.ActiveCfg = Release|Any CPU
		{50EF97DA-CB06-4E4E-B596-C265CD5DBB2F}.Release|Any CPU.Build.0 = Release|Any CPU
		{45718219-01C3-4B23-B0AD-628FF54EDD53}.Debug|Any CPU.ActiveCfg = Debug|Any CPU
		{45718219-01C3-4B23-B0AD-628FF54EDD53}.Debug|Any CPU.Build.0 = Debug|Any CPU
		{45718219-01C3-4B23-B0AD-628FF54EDD53}.Release|Any CPU.ActiveCfg = Release|Any CPU
		{45718219-01C3-4B23-B0AD-628FF54EDD53}.Release|Any CPU.Build.0 = Release|Any CPU
		{0C74D3D6-BAAE-4A51-BC12-438EF78D314C}.Debug|Any CPU.ActiveCfg = Debug|Any CPU
		{0C74D3D6-BAAE-4A51-BC12-438EF78D314C}.Debug|Any CPU.Build.0 = Debug|Any CPU
		{0C74D3D6-BAAE-4A51-BC12-438EF78D314C}.Release|Any CPU.ActiveCfg = Release|Any CPU
		{0C74D3D6-BAAE-4A51-BC12-438EF78D314C}.Release|Any CPU.Build.0 = Release|Any CPU
		{F09036B9-FDC1-4010-BF71-BD10DD57794F}.Debug|Any CPU.ActiveCfg = Debug|Any CPU
		{F09036B9-FDC1-4010-BF71-BD10DD57794F}.Debug|Any CPU.Build.0 = Debug|Any CPU
		{F09036B9-FDC1-4010-BF71-BD10DD57794F}.Release|Any CPU.ActiveCfg = Release|Any CPU
		{F09036B9-FDC1-4010-BF71-BD10DD57794F}.Release|Any CPU.Build.0 = Release|Any CPU
		{8478FB31-10FE-4E28-9B23-6ED51307794D}.Debug|Any CPU.ActiveCfg = Debug|Any CPU
		{8478FB31-10FE-4E28-9B23-6ED51307794D}.Debug|Any CPU.Build.0 = Debug|Any CPU
		{8478FB31-10FE-4E28-9B23-6ED51307794D}.Release|Any CPU.ActiveCfg = Release|Any CPU
		{8478FB31-10FE-4E28-9B23-6ED51307794D}.Release|Any CPU.Build.0 = Release|Any CPU
		{EADC41AC-9854-4EC6-B6AD-F7E8B22F087B}.Debug|Any CPU.ActiveCfg = Debug|Any CPU
		{EADC41AC-9854-4EC6-B6AD-F7E8B22F087B}.Debug|Any CPU.Build.0 = Debug|Any CPU
		{EADC41AC-9854-4EC6-B6AD-F7E8B22F087B}.Release|Any CPU.ActiveCfg = Release|Any CPU
		{EADC41AC-9854-4EC6-B6AD-F7E8B22F087B}.Release|Any CPU.Build.0 = Release|Any CPU
		{AFD148A8-8894-4B0F-987B-21ABB51D7D5F}.Debug|Any CPU.ActiveCfg = Debug|Any CPU
		{AFD148A8-8894-4B0F-987B-21ABB51D7D5F}.Debug|Any CPU.Build.0 = Debug|Any CPU
		{AFD148A8-8894-4B0F-987B-21ABB51D7D5F}.Release|Any CPU.ActiveCfg = Release|Any CPU
		{AFD148A8-8894-4B0F-987B-21ABB51D7D5F}.Release|Any CPU.Build.0 = Release|Any CPU
		{C907C730-715E-493E-A965-B38945259E56}.Debug|Any CPU.ActiveCfg = Debug|Any CPU
		{C907C730-715E-493E-A965-B38945259E56}.Debug|Any CPU.Build.0 = Debug|Any CPU
		{C907C730-715E-493E-A965-B38945259E56}.Release|Any CPU.ActiveCfg = Release|Any CPU
		{C907C730-715E-493E-A965-B38945259E56}.Release|Any CPU.Build.0 = Release|Any CPU
		{541DCCA7-7E6B-45DF-BAA8-4F5DCB922180}.Debug|Any CPU.ActiveCfg = Debug|Any CPU
		{541DCCA7-7E6B-45DF-BAA8-4F5DCB922180}.Debug|Any CPU.Build.0 = Debug|Any CPU
		{541DCCA7-7E6B-45DF-BAA8-4F5DCB922180}.Release|Any CPU.ActiveCfg = Release|Any CPU
		{541DCCA7-7E6B-45DF-BAA8-4F5DCB922180}.Release|Any CPU.Build.0 = Release|Any CPU
		{726DB87D-2DBE-4BD9-84D3-A48CC3E5096A}.Debug|Any CPU.ActiveCfg = Debug|Any CPU
		{726DB87D-2DBE-4BD9-84D3-A48CC3E5096A}.Debug|Any CPU.Build.0 = Debug|Any CPU
		{726DB87D-2DBE-4BD9-84D3-A48CC3E5096A}.Release|Any CPU.ActiveCfg = Release|Any CPU
		{726DB87D-2DBE-4BD9-84D3-A48CC3E5096A}.Release|Any CPU.Build.0 = Release|Any CPU
		{1C4CA042-61F5-49AA-8677-E786B9A4362C}.Debug|Any CPU.ActiveCfg = Debug|Any CPU
		{1C4CA042-61F5-49AA-8677-E786B9A4362C}.Debug|Any CPU.Build.0 = Debug|Any CPU
		{1C4CA042-61F5-49AA-8677-E786B9A4362C}.Release|Any CPU.ActiveCfg = Release|Any CPU
		{1C4CA042-61F5-49AA-8677-E786B9A4362C}.Release|Any CPU.Build.0 = Release|Any CPU
		{54547958-3E78-4207-BB42-8C175FBCABF1}.Debug|Any CPU.ActiveCfg = Debug|Any CPU
		{54547958-3E78-4207-BB42-8C175FBCABF1}.Debug|Any CPU.Build.0 = Debug|Any CPU
		{54547958-3E78-4207-BB42-8C175FBCABF1}.Release|Any CPU.ActiveCfg = Release|Any CPU
		{54547958-3E78-4207-BB42-8C175FBCABF1}.Release|Any CPU.Build.0 = Release|Any CPU
		{C38BEC90-057E-4BBD-B6DB-1C466CD2FC8D}.Debug|Any CPU.ActiveCfg = Debug|Any CPU
		{C38BEC90-057E-4BBD-B6DB-1C466CD2FC8D}.Debug|Any CPU.Build.0 = Debug|Any CPU
		{C38BEC90-057E-4BBD-B6DB-1C466CD2FC8D}.Release|Any CPU.ActiveCfg = Release|Any CPU
		{C38BEC90-057E-4BBD-B6DB-1C466CD2FC8D}.Release|Any CPU.Build.0 = Release|Any CPU
		{64088FF6-27D9-4784-9007-5EF9C5D9E775}.Debug|Any CPU.ActiveCfg = Debug|Any CPU
		{64088FF6-27D9-4784-9007-5EF9C5D9E775}.Debug|Any CPU.Build.0 = Debug|Any CPU
		{64088FF6-27D9-4784-9007-5EF9C5D9E775}.Release|Any CPU.ActiveCfg = Release|Any CPU
		{64088FF6-27D9-4784-9007-5EF9C5D9E775}.Release|Any CPU.Build.0 = Release|Any CPU
		{06A4D320-B7C9-4D74-946B-9F8748D55B58}.Debug|Any CPU.ActiveCfg = Debug|Any CPU
		{06A4D320-B7C9-4D74-946B-9F8748D55B58}.Debug|Any CPU.Build.0 = Debug|Any CPU
		{06A4D320-B7C9-4D74-946B-9F8748D55B58}.Release|Any CPU.ActiveCfg = Release|Any CPU
		{06A4D320-B7C9-4D74-946B-9F8748D55B58}.Release|Any CPU.Build.0 = Release|Any CPU
		{A2138440-44FA-4B75-A3D3-176F6A245EE4}.Debug|Any CPU.ActiveCfg = Debug|Any CPU
		{A2138440-44FA-4B75-A3D3-176F6A245EE4}.Debug|Any CPU.Build.0 = Debug|Any CPU
		{A2138440-44FA-4B75-A3D3-176F6A245EE4}.Release|Any CPU.ActiveCfg = Release|Any CPU
		{A2138440-44FA-4B75-A3D3-176F6A245EE4}.Release|Any CPU.Build.0 = Release|Any CPU
		{91A31ABF-CC23-497A-BCAC-030783DFDBF0}.Debug|Any CPU.ActiveCfg = Debug|Any CPU
		{91A31ABF-CC23-497A-BCAC-030783DFDBF0}.Debug|Any CPU.Build.0 = Debug|Any CPU
		{91A31ABF-CC23-497A-BCAC-030783DFDBF0}.Release|Any CPU.ActiveCfg = Release|Any CPU
		{91A31ABF-CC23-497A-BCAC-030783DFDBF0}.Release|Any CPU.Build.0 = Release|Any CPU
		{5B4F8366-A310-4852-9BCE-0329B4201FAB}.Debug|Any CPU.ActiveCfg = Debug|Any CPU
		{5B4F8366-A310-4852-9BCE-0329B4201FAB}.Debug|Any CPU.Build.0 = Debug|Any CPU
		{5B4F8366-A310-4852-9BCE-0329B4201FAB}.Release|Any CPU.ActiveCfg = Release|Any CPU
		{5B4F8366-A310-4852-9BCE-0329B4201FAB}.Release|Any CPU.Build.0 = Release|Any CPU
		{857BA7B6-C5A4-4393-A794-F67D28DD0077}.Debug|Any CPU.ActiveCfg = Debug|Any CPU
		{857BA7B6-C5A4-4393-A794-F67D28DD0077}.Debug|Any CPU.Build.0 = Debug|Any CPU
		{857BA7B6-C5A4-4393-A794-F67D28DD0077}.Release|Any CPU.ActiveCfg = Release|Any CPU
		{857BA7B6-C5A4-4393-A794-F67D28DD0077}.Release|Any CPU.Build.0 = Release|Any CPU
		{5D560927-EC59-4344-AC72-DC8282A83F3C}.Debug|Any CPU.ActiveCfg = Debug|Any CPU
		{5D560927-EC59-4344-AC72-DC8282A83F3C}.Debug|Any CPU.Build.0 = Debug|Any CPU
		{5D560927-EC59-4344-AC72-DC8282A83F3C}.Release|Any CPU.ActiveCfg = Release|Any CPU
		{5D560927-EC59-4344-AC72-DC8282A83F3C}.Release|Any CPU.Build.0 = Release|Any CPU
		{5D00E1F3-F0BB-4CE7-819A-58883EA2D2F1}.Debug|Any CPU.ActiveCfg = Debug|Any CPU
		{5D00E1F3-F0BB-4CE7-819A-58883EA2D2F1}.Debug|Any CPU.Build.0 = Debug|Any CPU
		{5D00E1F3-F0BB-4CE7-819A-58883EA2D2F1}.Release|Any CPU.ActiveCfg = Release|Any CPU
		{5D00E1F3-F0BB-4CE7-819A-58883EA2D2F1}.Release|Any CPU.Build.0 = Release|Any CPU
		{D0AB37D1-ED8A-4925-94F5-AEDC195FCA23}.Debug|Any CPU.ActiveCfg = Debug|Any CPU
		{D0AB37D1-ED8A-4925-94F5-AEDC195FCA23}.Debug|Any CPU.Build.0 = Debug|Any CPU
		{D0AB37D1-ED8A-4925-94F5-AEDC195FCA23}.Release|Any CPU.ActiveCfg = Release|Any CPU
		{D0AB37D1-ED8A-4925-94F5-AEDC195FCA23}.Release|Any CPU.Build.0 = Release|Any CPU
		{58B17EFB-23FA-404A-B601-C705F8AB5285}.Debug|Any CPU.ActiveCfg = Debug|Any CPU
		{58B17EFB-23FA-404A-B601-C705F8AB5285}.Debug|Any CPU.Build.0 = Debug|Any CPU
		{58B17EFB-23FA-404A-B601-C705F8AB5285}.Release|Any CPU.ActiveCfg = Release|Any CPU
		{58B17EFB-23FA-404A-B601-C705F8AB5285}.Release|Any CPU.Build.0 = Release|Any CPU
		{3D3D59EB-7E00-4F25-A9A7-76FD46374B38}.Debug|Any CPU.ActiveCfg = Debug|Any CPU
		{3D3D59EB-7E00-4F25-A9A7-76FD46374B38}.Debug|Any CPU.Build.0 = Debug|Any CPU
		{3D3D59EB-7E00-4F25-A9A7-76FD46374B38}.Release|Any CPU.ActiveCfg = Release|Any CPU
		{3D3D59EB-7E00-4F25-A9A7-76FD46374B38}.Release|Any CPU.Build.0 = Release|Any CPU
		{7149AB89-99B6-4C55-8E22-6F8896E874CB}.Debug|Any CPU.ActiveCfg = Debug|Any CPU
		{7149AB89-99B6-4C55-8E22-6F8896E874CB}.Debug|Any CPU.Build.0 = Debug|Any CPU
		{7149AB89-99B6-4C55-8E22-6F8896E874CB}.Release|Any CPU.ActiveCfg = Release|Any CPU
		{7149AB89-99B6-4C55-8E22-6F8896E874CB}.Release|Any CPU.Build.0 = Release|Any CPU
		{D3315D65-938C-49E5-B4B9-6B08C3BFF3F7}.Debug|Any CPU.ActiveCfg = Debug|Any CPU
		{D3315D65-938C-49E5-B4B9-6B08C3BFF3F7}.Debug|Any CPU.Build.0 = Debug|Any CPU
		{D3315D65-938C-49E5-B4B9-6B08C3BFF3F7}.Release|Any CPU.ActiveCfg = Release|Any CPU
		{D3315D65-938C-49E5-B4B9-6B08C3BFF3F7}.Release|Any CPU.Build.0 = Release|Any CPU
		{9802D998-EF70-4742-867D-A01D64BDB284}.Debug|Any CPU.ActiveCfg = Debug|Any CPU
		{9802D998-EF70-4742-867D-A01D64BDB284}.Debug|Any CPU.Build.0 = Debug|Any CPU
		{9802D998-EF70-4742-867D-A01D64BDB284}.Release|Any CPU.ActiveCfg = Release|Any CPU
		{9802D998-EF70-4742-867D-A01D64BDB284}.Release|Any CPU.Build.0 = Release|Any CPU
		{AF53F5D7-3EAF-4963-AB7F-4E0860B564C8}.Debug|Any CPU.ActiveCfg = Debug|Any CPU
		{AF53F5D7-3EAF-4963-AB7F-4E0860B564C8}.Debug|Any CPU.Build.0 = Debug|Any CPU
		{AF53F5D7-3EAF-4963-AB7F-4E0860B564C8}.Release|Any CPU.ActiveCfg = Release|Any CPU
		{AF53F5D7-3EAF-4963-AB7F-4E0860B564C8}.Release|Any CPU.Build.0 = Release|Any CPU
		{B44BF9E4-CF68-40CC-9A11-D00F8C3AFE7A}.Debug|Any CPU.ActiveCfg = Debug|Any CPU
		{B44BF9E4-CF68-40CC-9A11-D00F8C3AFE7A}.Debug|Any CPU.Build.0 = Debug|Any CPU
		{B44BF9E4-CF68-40CC-9A11-D00F8C3AFE7A}.Release|Any CPU.ActiveCfg = Release|Any CPU
		{B44BF9E4-CF68-40CC-9A11-D00F8C3AFE7A}.Release|Any CPU.Build.0 = Release|Any CPU
		{175FF026-1147-4344-9869-21F1E57F0B58}.Debug|Any CPU.ActiveCfg = Debug|Any CPU
		{175FF026-1147-4344-9869-21F1E57F0B58}.Debug|Any CPU.Build.0 = Debug|Any CPU
		{175FF026-1147-4344-9869-21F1E57F0B58}.Release|Any CPU.ActiveCfg = Release|Any CPU
		{175FF026-1147-4344-9869-21F1E57F0B58}.Release|Any CPU.Build.0 = Release|Any CPU
		{6CA1169D-AE3B-479B-B021-7969942D750F}.Debug|Any CPU.ActiveCfg = Debug|Any CPU
		{6CA1169D-AE3B-479B-B021-7969942D750F}.Debug|Any CPU.Build.0 = Debug|Any CPU
		{6CA1169D-AE3B-479B-B021-7969942D750F}.Release|Any CPU.ActiveCfg = Release|Any CPU
		{6CA1169D-AE3B-479B-B021-7969942D750F}.Release|Any CPU.Build.0 = Release|Any CPU
		{11DE8C21-991E-4CFB-B8EC-F65B99BF5BF7}.Debug|Any CPU.ActiveCfg = Debug|Any CPU
		{11DE8C21-991E-4CFB-B8EC-F65B99BF5BF7}.Debug|Any CPU.Build.0 = Debug|Any CPU
		{11DE8C21-991E-4CFB-B8EC-F65B99BF5BF7}.Release|Any CPU.ActiveCfg = Release|Any CPU
		{11DE8C21-991E-4CFB-B8EC-F65B99BF5BF7}.Release|Any CPU.Build.0 = Release|Any CPU
		{23A52B6C-FA92-4870-B5DF-6CDF07C618F5}.Debug|Any CPU.ActiveCfg = Debug|Any CPU
		{23A52B6C-FA92-4870-B5DF-6CDF07C618F5}.Debug|Any CPU.Build.0 = Debug|Any CPU
		{23A52B6C-FA92-4870-B5DF-6CDF07C618F5}.Release|Any CPU.ActiveCfg = Release|Any CPU
		{23A52B6C-FA92-4870-B5DF-6CDF07C618F5}.Release|Any CPU.Build.0 = Release|Any CPU
		{0E831A96-462C-4C0F-944A-C5D2F7095729}.Debug|Any CPU.ActiveCfg = Debug|Any CPU
		{0E831A96-462C-4C0F-944A-C5D2F7095729}.Debug|Any CPU.Build.0 = Debug|Any CPU
		{0E831A96-462C-4C0F-944A-C5D2F7095729}.Release|Any CPU.ActiveCfg = Release|Any CPU
		{0E831A96-462C-4C0F-944A-C5D2F7095729}.Release|Any CPU.Build.0 = Release|Any CPU
		{094B8612-3F86-48E4-BCA6-41F543ACB92C}.Debug|Any CPU.ActiveCfg = Debug|Any CPU
		{094B8612-3F86-48E4-BCA6-41F543ACB92C}.Debug|Any CPU.Build.0 = Debug|Any CPU
		{094B8612-3F86-48E4-BCA6-41F543ACB92C}.Release|Any CPU.ActiveCfg = Release|Any CPU
		{094B8612-3F86-48E4-BCA6-41F543ACB92C}.Release|Any CPU.Build.0 = Release|Any CPU
		{7DBA285D-9978-4CDE-B04C-12B175CAA3D0}.Debug|Any CPU.ActiveCfg = Debug|Any CPU
		{7DBA285D-9978-4CDE-B04C-12B175CAA3D0}.Debug|Any CPU.Build.0 = Debug|Any CPU
		{7DBA285D-9978-4CDE-B04C-12B175CAA3D0}.Release|Any CPU.ActiveCfg = Release|Any CPU
		{7DBA285D-9978-4CDE-B04C-12B175CAA3D0}.Release|Any CPU.Build.0 = Release|Any CPU
		{D857AA4E-3C7B-46FA-AE18-06917AAA4410}.Debug|Any CPU.ActiveCfg = Debug|Any CPU
		{D857AA4E-3C7B-46FA-AE18-06917AAA4410}.Debug|Any CPU.Build.0 = Debug|Any CPU
		{D857AA4E-3C7B-46FA-AE18-06917AAA4410}.Release|Any CPU.ActiveCfg = Release|Any CPU
		{D857AA4E-3C7B-46FA-AE18-06917AAA4410}.Release|Any CPU.Build.0 = Release|Any CPU
		{E158E05D-AD8D-4A89-8C7E-887190CB4C24}.Debug|Any CPU.ActiveCfg = Debug|Any CPU
		{E158E05D-AD8D-4A89-8C7E-887190CB4C24}.Debug|Any CPU.Build.0 = Debug|Any CPU
		{E158E05D-AD8D-4A89-8C7E-887190CB4C24}.Release|Any CPU.ActiveCfg = Release|Any CPU
		{E158E05D-AD8D-4A89-8C7E-887190CB4C24}.Release|Any CPU.Build.0 = Release|Any CPU
		{37C86246-AF1B-4C5E-B369-25784E866A6D}.Debug|Any CPU.ActiveCfg = Debug|Any CPU
		{37C86246-AF1B-4C5E-B369-25784E866A6D}.Debug|Any CPU.Build.0 = Debug|Any CPU
		{37C86246-AF1B-4C5E-B369-25784E866A6D}.Release|Any CPU.ActiveCfg = Release|Any CPU
		{37C86246-AF1B-4C5E-B369-25784E866A6D}.Release|Any CPU.Build.0 = Release|Any CPU
		{28F13B18-9DF0-4AEC-A6DD-D2AD3E80CA12}.Debug|Any CPU.ActiveCfg = Debug|Any CPU
		{28F13B18-9DF0-4AEC-A6DD-D2AD3E80CA12}.Debug|Any CPU.Build.0 = Debug|Any CPU
		{28F13B18-9DF0-4AEC-A6DD-D2AD3E80CA12}.Release|Any CPU.ActiveCfg = Release|Any CPU
		{28F13B18-9DF0-4AEC-A6DD-D2AD3E80CA12}.Release|Any CPU.Build.0 = Release|Any CPU
		{CF732CB8-0EC5-40D1-B7E1-3340F1E8F046}.Debug|Any CPU.ActiveCfg = Debug|Any CPU
		{CF732CB8-0EC5-40D1-B7E1-3340F1E8F046}.Debug|Any CPU.Build.0 = Debug|Any CPU
		{CF732CB8-0EC5-40D1-B7E1-3340F1E8F046}.Release|Any CPU.ActiveCfg = Release|Any CPU
		{CF732CB8-0EC5-40D1-B7E1-3340F1E8F046}.Release|Any CPU.Build.0 = Release|Any CPU
		{FCB4D446-9EFD-464C-8B0A-664C69A4F32D}.Debug|Any CPU.ActiveCfg = Debug|Any CPU
		{FCB4D446-9EFD-464C-8B0A-664C69A4F32D}.Debug|Any CPU.Build.0 = Debug|Any CPU
		{FCB4D446-9EFD-464C-8B0A-664C69A4F32D}.Release|Any CPU.ActiveCfg = Release|Any CPU
		{FCB4D446-9EFD-464C-8B0A-664C69A4F32D}.Release|Any CPU.Build.0 = Release|Any CPU
		{563E8AF8-5FEF-4210-AB09-DEF5666F5905}.Debug|Any CPU.ActiveCfg = Debug|Any CPU
		{563E8AF8-5FEF-4210-AB09-DEF5666F5905}.Debug|Any CPU.Build.0 = Debug|Any CPU
		{563E8AF8-5FEF-4210-AB09-DEF5666F5905}.Release|Any CPU.ActiveCfg = Release|Any CPU
		{563E8AF8-5FEF-4210-AB09-DEF5666F5905}.Release|Any CPU.Build.0 = Release|Any CPU
		{63168C85-EA99-417F-A98E-6DE6E9F13572}.Debug|Any CPU.ActiveCfg = Debug|Any CPU
		{63168C85-EA99-417F-A98E-6DE6E9F13572}.Debug|Any CPU.Build.0 = Debug|Any CPU
		{63168C85-EA99-417F-A98E-6DE6E9F13572}.Release|Any CPU.ActiveCfg = Release|Any CPU
		{63168C85-EA99-417F-A98E-6DE6E9F13572}.Release|Any CPU.Build.0 = Release|Any CPU
	EndGlobalSection
	GlobalSection(SolutionProperties) = preSolution
		HideSolutionNode = FALSE
	EndGlobalSection
	GlobalSection(NestedProjects) = preSolution
		{905B074E-406D-4D4B-ACF7-22B488EE4D2E} = {2600463A-238C-4171-8AA8-6BCD909ADDC7}
		{CA33AB9C-5D7A-4FBC-9127-B5C33CF970BF} = {25356525-8AFD-4B87-9D27-D1CA1D1A6A17}
		{36D70E09-29AE-4746-98DA-F6B4F67D5BDB} = {25356525-8AFD-4B87-9D27-D1CA1D1A6A17}
		{EA6E8F89-C6DE-45F5-B5A9-386F0C3F85A9} = {25356525-8AFD-4B87-9D27-D1CA1D1A6A17}
		{5B5FF0D8-2551-4AD8-975C-DEC7E7C1354E} = {25356525-8AFD-4B87-9D27-D1CA1D1A6A17}
		{DE6FD4F4-4847-4048-8D15-C3151E7CD5CC} = {E9436848-A5FC-41BE-B345-609E35C38C00}
		{476D9F6B-61B7-4FC2-824F-2CB9A0EA18E5} = {25356525-8AFD-4B87-9D27-D1CA1D1A6A17}
		{50EF97DA-CB06-4E4E-B596-C265CD5DBB2F} = {E9436848-A5FC-41BE-B345-609E35C38C00}
		{45718219-01C3-4B23-B0AD-628FF54EDD53} = {536F15A9-214D-459F-8EC4-8950C78E1BD0}
		{0C74D3D6-BAAE-4A51-BC12-438EF78D314C} = {536F15A9-214D-459F-8EC4-8950C78E1BD0}
		{F09036B9-FDC1-4010-BF71-BD10DD57794F} = {E9436848-A5FC-41BE-B345-609E35C38C00}
		{8478FB31-10FE-4E28-9B23-6ED51307794D} = {E9436848-A5FC-41BE-B345-609E35C38C00}
		{EADC41AC-9854-4EC6-B6AD-F7E8B22F087B} = {E9436848-A5FC-41BE-B345-609E35C38C00}
		{AFD148A8-8894-4B0F-987B-21ABB51D7D5F} = {536F15A9-214D-459F-8EC4-8950C78E1BD0}
		{C907C730-715E-493E-A965-B38945259E56} = {E9436848-A5FC-41BE-B345-609E35C38C00}
		{541DCCA7-7E6B-45DF-BAA8-4F5DCB922180} = {E9436848-A5FC-41BE-B345-609E35C38C00}
		{726DB87D-2DBE-4BD9-84D3-A48CC3E5096A} = {536F15A9-214D-459F-8EC4-8950C78E1BD0}
		{1C4CA042-61F5-49AA-8677-E786B9A4362C} = {2600463A-238C-4171-8AA8-6BCD909ADDC7}
		{54547958-3E78-4207-BB42-8C175FBCABF1} = {609B831E-975C-4423-8D97-82555007A815}
		{C38BEC90-057E-4BBD-B6DB-1C466CD2FC8D} = {609B831E-975C-4423-8D97-82555007A815}
		{64088FF6-27D9-4784-9007-5EF9C5D9E775} = {609B831E-975C-4423-8D97-82555007A815}
		{06A4D320-B7C9-4D74-946B-9F8748D55B58} = {536F15A9-214D-459F-8EC4-8950C78E1BD0}
		{A2138440-44FA-4B75-A3D3-176F6A245EE4} = {E9436848-A5FC-41BE-B345-609E35C38C00}
		{91A31ABF-CC23-497A-BCAC-030783DFDBF0} = {E9436848-A5FC-41BE-B345-609E35C38C00}
		{5B4F8366-A310-4852-9BCE-0329B4201FAB} = {E9436848-A5FC-41BE-B345-609E35C38C00}
		{857BA7B6-C5A4-4393-A794-F67D28DD0077} = {25356525-8AFD-4B87-9D27-D1CA1D1A6A17}
		{5D560927-EC59-4344-AC72-DC8282A83F3C} = {25356525-8AFD-4B87-9D27-D1CA1D1A6A17}
		{5D00E1F3-F0BB-4CE7-819A-58883EA2D2F1} = {F61E75CF-8C8A-4B31-A5D2-FF7B08451006}
		{D0AB37D1-ED8A-4925-94F5-AEDC195FCA23} = {F61E75CF-8C8A-4B31-A5D2-FF7B08451006}
		{58B17EFB-23FA-404A-B601-C705F8AB5285} = {F61E75CF-8C8A-4B31-A5D2-FF7B08451006}
		{3D3D59EB-7E00-4F25-A9A7-76FD46374B38} = {F61E75CF-8C8A-4B31-A5D2-FF7B08451006}
		{7149AB89-99B6-4C55-8E22-6F8896E874CB} = {F61E75CF-8C8A-4B31-A5D2-FF7B08451006}
		{D3315D65-938C-49E5-B4B9-6B08C3BFF3F7} = {F61E75CF-8C8A-4B31-A5D2-FF7B08451006}
		{9802D998-EF70-4742-867D-A01D64BDB284} = {F61E75CF-8C8A-4B31-A5D2-FF7B08451006}
		{AF53F5D7-3EAF-4963-AB7F-4E0860B564C8} = {25356525-8AFD-4B87-9D27-D1CA1D1A6A17}
		{B44BF9E4-CF68-40CC-9A11-D00F8C3AFE7A} = {F61E75CF-8C8A-4B31-A5D2-FF7B08451006}
		{175FF026-1147-4344-9869-21F1E57F0B58} = {25356525-8AFD-4B87-9D27-D1CA1D1A6A17}
		{6CA1169D-AE3B-479B-B021-7969942D750F} = {E9436848-A5FC-41BE-B345-609E35C38C00}
		{11DE8C21-991E-4CFB-B8EC-F65B99BF5BF7} = {E9436848-A5FC-41BE-B345-609E35C38C00}
		{23A52B6C-FA92-4870-B5DF-6CDF07C618F5} = {F61E75CF-8C8A-4B31-A5D2-FF7B08451006}
		{0E831A96-462C-4C0F-944A-C5D2F7095729} = {E9436848-A5FC-41BE-B345-609E35C38C00}
		{094B8612-3F86-48E4-BCA6-41F543ACB92C} = {E9436848-A5FC-41BE-B345-609E35C38C00}
		{7DBA285D-9978-4CDE-B04C-12B175CAA3D0} = {25356525-8AFD-4B87-9D27-D1CA1D1A6A17}
		{D857AA4E-3C7B-46FA-AE18-06917AAA4410} = {1E235EAA-8537-49A2-9D80-643C1025DB78}
		{E158E05D-AD8D-4A89-8C7E-887190CB4C24} = {1E235EAA-8537-49A2-9D80-643C1025DB78}
		{37C86246-AF1B-4C5E-B369-25784E866A6D} = {609B831E-975C-4423-8D97-82555007A815}
		{28F13B18-9DF0-4AEC-A6DD-D2AD3E80CA12} = {1E235EAA-8537-49A2-9D80-643C1025DB78}
		{CF732CB8-0EC5-40D1-B7E1-3340F1E8F046} = {536F15A9-214D-459F-8EC4-8950C78E1BD0}
		{FCB4D446-9EFD-464C-8B0A-664C69A4F32D} = {536F15A9-214D-459F-8EC4-8950C78E1BD0}
		{563E8AF8-5FEF-4210-AB09-DEF5666F5905} = {E9436848-A5FC-41BE-B345-609E35C38C00}
		{63168C85-EA99-417F-A98E-6DE6E9F13572} = {E9436848-A5FC-41BE-B345-609E35C38C00}
	EndGlobalSection
	GlobalSection(ExtensibilityGlobals) = postSolution
		SolutionGuid = {167D4B81-B91A-4D40-AEEF-6CC3C49F9CD1}
	EndGlobalSection
EndGlobal
