
Microsoft Visual Studio Solution File, Format Version 12.00
# Visual Studio Version 17
VisualStudioVersion = 17.0.31612.314
MinimumVisualStudioVersion = 10.0.40219.1
Project("{2150E333-8FDC-42A3-9474-1A3956D46DE8}") = "application", "application", "{25356525-8AFD-4B87-9D27-D1CA1D1A6A17}"
EndProject
Project("{2150E333-8FDC-42A3-9474-1A3956D46DE8}") = "server", "server", "{2600463A-238C-4171-8AA8-6BCD909ADDC7}"
EndProject
Project("{9A19103F-16F7-4668-BE54-9A1E7A4F7556}") = "Server", "server\Server\Server.csproj", "{905B074E-406D-4D4B-ACF7-22B488EE4D2E}"
EndProject
Project("{9A19103F-16F7-4668-BE54-9A1E7A4F7556}") = "Endpoints", "application\Endpoints\Endpoints.csproj", "{CA33AB9C-5D7A-4FBC-9127-B5C33CF970BF}"
EndProject
Project("{9A19103F-16F7-4668-BE54-9A1E7A4F7556}") = "Transport", "application\Transport\Transport.csproj", "{36D70E09-29AE-4746-98DA-F6B4F67D5BDB}"
EndProject
Project("{9A19103F-16F7-4668-BE54-9A1E7A4F7556}") = "Transport.Contract", "application\Transport.Contract\Transport.Contract.csproj", "{EA6E8F89-C6DE-45F5-B5A9-386F0C3F85A9}"
EndProject
Project("{9A19103F-16F7-4668-BE54-9A1E7A4F7556}") = "Management.Contract", "application\Management.Contract\Management.Contract.csproj", "{5B5FF0D8-2551-4AD8-975C-DEC7E7C1354E}"
EndProject
Project("{2150E333-8FDC-42A3-9474-1A3956D46DE8}") = "data", "data", "{E9436848-A5FC-41BE-B345-609E35C38C00}"
EndProject
Project("{9A19103F-16F7-4668-BE54-9A1E7A4F7556}") = "Objects", "data\Objects\Objects.csproj", "{DE6FD4F4-4847-4048-8D15-C3151E7CD5CC}"
EndProject
Project("{9A19103F-16F7-4668-BE54-9A1E7A4F7556}") = "Management", "application\Management\Management.csproj", "{476D9F6B-61B7-4FC2-824F-2CB9A0EA18E5}"
EndProject
Project("{9A19103F-16F7-4668-BE54-9A1E7A4F7556}") = "Server.EndpointTests", "server\Server.EndpointTests\Server.EndpointTests.csproj", "{F3F9A996-DCDF-40E8-824F-5A7911AAB899}"
EndProject
Project("{2150E333-8FDC-42A3-9474-1A3956D46DE8}") = "shared", "shared", "{536F15A9-214D-459F-8EC4-8950C78E1BD0}"
EndProject
Project("{9A19103F-16F7-4668-BE54-9A1E7A4F7556}") = "Security.Authentication.Badge", "shared\Security.Authentication.Badge\Security.Authentication.Badge.csproj", "{188F2939-5088-4C97-8397-DF1EB539A018}"
EndProject
Project("{9A19103F-16F7-4668-BE54-9A1E7A4F7556}") = "Data.StaticDictionary", "data\Data.StaticDictionary\Data.StaticDictionary.csproj", "{50EF97DA-CB06-4E4E-B596-C265CD5DBB2F}"
EndProject
Project("{9A19103F-16F7-4668-BE54-9A1E7A4F7556}") = "Security.Claims", "shared\Security.Claims\Security.Claims.csproj", "{45718219-01C3-4B23-B0AD-628FF54EDD53}"
EndProject
Project("{9A19103F-16F7-4668-BE54-9A1E7A4F7556}") = "Security.RequestUser", "shared\Security.RequestUser\Security.RequestUser.csproj", "{0C74D3D6-BAAE-4A51-BC12-438EF78D314C}"
EndProject
Project("{9A19103F-16F7-4668-BE54-9A1E7A4F7556}") = "Caching", "data\Caching\Caching.csproj", "{F09036B9-FDC1-4010-BF71-BD10DD57794F}"
EndProject
Project("{9A19103F-16F7-4668-BE54-9A1E7A4F7556}") = "Caching.Contract", "data\Caching.Contract\Caching.Contract.csproj", "{8478FB31-10FE-4E28-9B23-6ED51307794D}"
EndProject
Project("{9A19103F-16F7-4668-BE54-9A1E7A4F7556}") = "Data.Contract", "data\Data.Contract\Data.Contract.csproj", "{EADC41AC-9854-4EC6-B6AD-F7E8B22F087B}"
EndProject
Project("{9A19103F-16F7-4668-BE54-9A1E7A4F7556}") = "Validation", "shared\Validation\Validation.csproj", "{AFD148A8-8894-4B0F-987B-21ABB51D7D5F}"
EndProject
Project("{9A19103F-16F7-4668-BE54-9A1E7A4F7556}") = "ObjectValidation", "data\ObjectValidation\ObjectValidation.csproj", "{C907C730-715E-493E-A965-B38945259E56}"
EndProject
Project("{9A19103F-16F7-4668-BE54-9A1E7A4F7556}") = "Data.StaticDictionaryModel", "data\Data.StaticDictionaryModel\Data.StaticDictionaryModel.csproj", "{541DCCA7-7E6B-45DF-BAA8-4F5DCB922180}"
EndProject
Project("{9A19103F-16F7-4668-BE54-9A1E7A4F7556}") = "Metadata", "shared\Metadata\Metadata.csproj", "{726DB87D-2DBE-4BD9-84D3-A48CC3E5096A}"
EndProject
Project("{9A19103F-16F7-4668-BE54-9A1E7A4F7556}") = "Ticker", "server\Ticker\Ticker.csproj", "{1C4CA042-61F5-49AA-8677-E786B9A4362C}"
EndProject
Project("{9A19103F-16F7-4668-BE54-9A1E7A4F7556}") = "Ticker.EndpointTests", "server\Ticker.EndpointTests\Ticker.EndpointTests.csproj", "{C5FB311D-2E05-4D84-A136-F2C65FAD5A27}"
EndProject
Project("{9A19103F-16F7-4668-BE54-9A1E7A4F7556}") = "Server.SecurityTests", "server\Server.SecurityTests\Server.SecurityTests.csproj", "{0C95BB42-C14B-4EA7-A765-4A48F373EEFA}"
EndProject
Project("{9A19103F-16F7-4668-BE54-9A1E7A4F7556}") = "Ticker.SecurityTests", "server\Ticker.SecurityTests\Ticker.SecurityTests.csproj", "{C0FCEF1B-CEE7-4BAA-91C4-3B482FC5A633}"
EndProject
Project("{9A19103F-16F7-4668-BE54-9A1E7A4F7556}") = "Swagger", "server\Swagger\Swagger.csproj", "{1FDC059B-86D6-44D0-8A7A-B53E1E373EAB}"
EndProject
Global
	GlobalSection(SolutionConfigurationPlatforms) = preSolution
		Debug|Any CPU = Debug|Any CPU
		Release|Any CPU = Release|Any CPU
	EndGlobalSection
	GlobalSection(ProjectConfigurationPlatforms) = postSolution
		{905B074E-406D-4D4B-ACF7-22B488EE4D2E}.Debug|Any CPU.ActiveCfg = Debug|Any CPU
		{905B074E-406D-4D4B-ACF7-22B488EE4D2E}.Debug|Any CPU.Build.0 = Debug|Any CPU
		{905B074E-406D-4D4B-ACF7-22B488EE4D2E}.Release|Any CPU.ActiveCfg = Release|Any CPU
		{905B074E-406D-4D4B-ACF7-22B488EE4D2E}.Release|Any CPU.Build.0 = Release|Any CPU
		{CA33AB9C-5D7A-4FBC-9127-B5C33CF970BF}.Debug|Any CPU.ActiveCfg = Debug|Any CPU
		{CA33AB9C-5D7A-4FBC-9127-B5C33CF970BF}.Debug|Any CPU.Build.0 = Debug|Any CPU
		{CA33AB9C-5D7A-4FBC-9127-B5C33CF970BF}.Release|Any CPU.ActiveCfg = Release|Any CPU
		{CA33AB9C-5D7A-4FBC-9127-B5C33CF970BF}.Release|Any CPU.Build.0 = Release|Any CPU
		{36D70E09-29AE-4746-98DA-F6B4F67D5BDB}.Debug|Any CPU.ActiveCfg = Debug|Any CPU
		{36D70E09-29AE-4746-98DA-F6B4F67D5BDB}.Debug|Any CPU.Build.0 = Debug|Any CPU
		{36D70E09-29AE-4746-98DA-F6B4F67D5BDB}.Release|Any CPU.ActiveCfg = Release|Any CPU
		{36D70E09-29AE-4746-98DA-F6B4F67D5BDB}.Release|Any CPU.Build.0 = Release|Any CPU
		{EA6E8F89-C6DE-45F5-B5A9-386F0C3F85A9}.Debug|Any CPU.ActiveCfg = Debug|Any CPU
		{EA6E8F89-C6DE-45F5-B5A9-386F0C3F85A9}.Debug|Any CPU.Build.0 = Debug|Any CPU
		{EA6E8F89-C6DE-45F5-B5A9-386F0C3F85A9}.Release|Any CPU.ActiveCfg = Release|Any CPU
		{EA6E8F89-C6DE-45F5-B5A9-386F0C3F85A9}.Release|Any CPU.Build.0 = Release|Any CPU
		{5B5FF0D8-2551-4AD8-975C-DEC7E7C1354E}.Debug|Any CPU.ActiveCfg = Debug|Any CPU
		{5B5FF0D8-2551-4AD8-975C-DEC7E7C1354E}.Debug|Any CPU.Build.0 = Debug|Any CPU
		{5B5FF0D8-2551-4AD8-975C-DEC7E7C1354E}.Release|Any CPU.ActiveCfg = Release|Any CPU
		{5B5FF0D8-2551-4AD8-975C-DEC7E7C1354E}.Release|Any CPU.Build.0 = Release|Any CPU
		{DE6FD4F4-4847-4048-8D15-C3151E7CD5CC}.Debug|Any CPU.ActiveCfg = Debug|Any CPU
		{DE6FD4F4-4847-4048-8D15-C3151E7CD5CC}.Debug|Any CPU.Build.0 = Debug|Any CPU
		{DE6FD4F4-4847-4048-8D15-C3151E7CD5CC}.Release|Any CPU.ActiveCfg = Release|Any CPU
		{DE6FD4F4-4847-4048-8D15-C3151E7CD5CC}.Release|Any CPU.Build.0 = Release|Any CPU
		{476D9F6B-61B7-4FC2-824F-2CB9A0EA18E5}.Debug|Any CPU.ActiveCfg = Debug|Any CPU
		{476D9F6B-61B7-4FC2-824F-2CB9A0EA18E5}.Debug|Any CPU.Build.0 = Debug|Any CPU
		{476D9F6B-61B7-4FC2-824F-2CB9A0EA18E5}.Release|Any CPU.ActiveCfg = Release|Any CPU
		{476D9F6B-61B7-4FC2-824F-2CB9A0EA18E5}.Release|Any CPU.Build.0 = Release|Any CPU
		{F3F9A996-DCDF-40E8-824F-5A7911AAB899}.Debug|Any CPU.ActiveCfg = Debug|Any CPU
		{F3F9A996-DCDF-40E8-824F-5A7911AAB899}.Debug|Any CPU.Build.0 = Debug|Any CPU
		{F3F9A996-DCDF-40E8-824F-5A7911AAB899}.Release|Any CPU.ActiveCfg = Release|Any CPU
		{F3F9A996-DCDF-40E8-824F-5A7911AAB899}.Release|Any CPU.Build.0 = Release|Any CPU
		{188F2939-5088-4C97-8397-DF1EB539A018}.Debug|Any CPU.ActiveCfg = Debug|Any CPU
		{188F2939-5088-4C97-8397-DF1EB539A018}.Debug|Any CPU.Build.0 = Debug|Any CPU
		{188F2939-5088-4C97-8397-DF1EB539A018}.Release|Any CPU.ActiveCfg = Release|Any CPU
		{188F2939-5088-4C97-8397-DF1EB539A018}.Release|Any CPU.Build.0 = Release|Any CPU
		{50EF97DA-CB06-4E4E-B596-C265CD5DBB2F}.Debug|Any CPU.ActiveCfg = Debug|Any CPU
		{50EF97DA-CB06-4E4E-B596-C265CD5DBB2F}.Debug|Any CPU.Build.0 = Debug|Any CPU
		{50EF97DA-CB06-4E4E-B596-C265CD5DBB2F}.Release|Any CPU.ActiveCfg = Release|Any CPU
		{50EF97DA-CB06-4E4E-B596-C265CD5DBB2F}.Release|Any CPU.Build.0 = Release|Any CPU
		{45718219-01C3-4B23-B0AD-628FF54EDD53}.Debug|Any CPU.ActiveCfg = Debug|Any CPU
		{45718219-01C3-4B23-B0AD-628FF54EDD53}.Debug|Any CPU.Build.0 = Debug|Any CPU
		{45718219-01C3-4B23-B0AD-628FF54EDD53}.Release|Any CPU.ActiveCfg = Release|Any CPU
		{45718219-01C3-4B23-B0AD-628FF54EDD53}.Release|Any CPU.Build.0 = Release|Any CPU
		{0C74D3D6-BAAE-4A51-BC12-438EF78D314C}.Debug|Any CPU.ActiveCfg = Debug|Any CPU
		{0C74D3D6-BAAE-4A51-BC12-438EF78D314C}.Debug|Any CPU.Build.0 = Debug|Any CPU
		{0C74D3D6-BAAE-4A51-BC12-438EF78D314C}.Release|Any CPU.ActiveCfg = Release|Any CPU
		{0C74D3D6-BAAE-4A51-BC12-438EF78D314C}.Release|Any CPU.Build.0 = Release|Any CPU
		{F09036B9-FDC1-4010-BF71-BD10DD57794F}.Debug|Any CPU.ActiveCfg = Debug|Any CPU
		{F09036B9-FDC1-4010-BF71-BD10DD57794F}.Debug|Any CPU.Build.0 = Debug|Any CPU
		{F09036B9-FDC1-4010-BF71-BD10DD57794F}.Release|Any CPU.ActiveCfg = Release|Any CPU
		{F09036B9-FDC1-4010-BF71-BD10DD57794F}.Release|Any CPU.Build.0 = Release|Any CPU
		{8478FB31-10FE-4E28-9B23-6ED51307794D}.Debug|Any CPU.ActiveCfg = Debug|Any CPU
		{8478FB31-10FE-4E28-9B23-6ED51307794D}.Debug|Any CPU.Build.0 = Debug|Any CPU
		{8478FB31-10FE-4E28-9B23-6ED51307794D}.Release|Any CPU.ActiveCfg = Release|Any CPU
		{8478FB31-10FE-4E28-9B23-6ED51307794D}.Release|Any CPU.Build.0 = Release|Any CPU
		{EADC41AC-9854-4EC6-B6AD-F7E8B22F087B}.Debug|Any CPU.ActiveCfg = Debug|Any CPU
		{EADC41AC-9854-4EC6-B6AD-F7E8B22F087B}.Debug|Any CPU.Build.0 = Debug|Any CPU
		{EADC41AC-9854-4EC6-B6AD-F7E8B22F087B}.Release|Any CPU.ActiveCfg = Release|Any CPU
		{EADC41AC-9854-4EC6-B6AD-F7E8B22F087B}.Release|Any CPU.Build.0 = Release|Any CPU
		{AFD148A8-8894-4B0F-987B-21ABB51D7D5F}.Debug|Any CPU.ActiveCfg = Debug|Any CPU
		{AFD148A8-8894-4B0F-987B-21ABB51D7D5F}.Debug|Any CPU.Build.0 = Debug|Any CPU
		{AFD148A8-8894-4B0F-987B-21ABB51D7D5F}.Release|Any CPU.ActiveCfg = Release|Any CPU
		{AFD148A8-8894-4B0F-987B-21ABB51D7D5F}.Release|Any CPU.Build.0 = Release|Any CPU
		{C907C730-715E-493E-A965-B38945259E56}.Debug|Any CPU.ActiveCfg = Debug|Any CPU
		{C907C730-715E-493E-A965-B38945259E56}.Debug|Any CPU.Build.0 = Debug|Any CPU
		{C907C730-715E-493E-A965-B38945259E56}.Release|Any CPU.ActiveCfg = Release|Any CPU
		{C907C730-715E-493E-A965-B38945259E56}.Release|Any CPU.Build.0 = Release|Any CPU
		{541DCCA7-7E6B-45DF-BAA8-4F5DCB922180}.Debug|Any CPU.ActiveCfg = Debug|Any CPU
		{541DCCA7-7E6B-45DF-BAA8-4F5DCB922180}.Debug|Any CPU.Build.0 = Debug|Any CPU
		{541DCCA7-7E6B-45DF-BAA8-4F5DCB922180}.Release|Any CPU.ActiveCfg = Release|Any CPU
		{541DCCA7-7E6B-45DF-BAA8-4F5DCB922180}.Release|Any CPU.Build.0 = Release|Any CPU
		{726DB87D-2DBE-4BD9-84D3-A48CC3E5096A}.Debug|Any CPU.ActiveCfg = Debug|Any CPU
		{726DB87D-2DBE-4BD9-84D3-A48CC3E5096A}.Debug|Any CPU.Build.0 = Debug|Any CPU
		{726DB87D-2DBE-4BD9-84D3-A48CC3E5096A}.Release|Any CPU.ActiveCfg = Release|Any CPU
		{726DB87D-2DBE-4BD9-84D3-A48CC3E5096A}.Release|Any CPU.Build.0 = Release|Any CPU
		{1C4CA042-61F5-49AA-8677-E786B9A4362C}.Debug|Any CPU.ActiveCfg = Debug|Any CPU
		{1C4CA042-61F5-49AA-8677-E786B9A4362C}.Debug|Any CPU.Build.0 = Debug|Any CPU
		{1C4CA042-61F5-49AA-8677-E786B9A4362C}.Release|Any CPU.ActiveCfg = Release|Any CPU
		{1C4CA042-61F5-49AA-8677-E786B9A4362C}.Release|Any CPU.Build.0 = Release|Any CPU
		{C5FB311D-2E05-4D84-A136-F2C65FAD5A27}.Debug|Any CPU.ActiveCfg = Debug|Any CPU
		{C5FB311D-2E05-4D84-A136-F2C65FAD5A27}.Debug|Any CPU.Build.0 = Debug|Any CPU
		{C5FB311D-2E05-4D84-A136-F2C65FAD5A27}.Release|Any CPU.ActiveCfg = Release|Any CPU
		{C5FB311D-2E05-4D84-A136-F2C65FAD5A27}.Release|Any CPU.Build.0 = Release|Any CPU
		{0C95BB42-C14B-4EA7-A765-4A48F373EEFA}.Debug|Any CPU.ActiveCfg = Debug|Any CPU
		{0C95BB42-C14B-4EA7-A765-4A48F373EEFA}.Debug|Any CPU.Build.0 = Debug|Any CPU
		{0C95BB42-C14B-4EA7-A765-4A48F373EEFA}.Release|Any CPU.ActiveCfg = Release|Any CPU
		{0C95BB42-C14B-4EA7-A765-4A48F373EEFA}.Release|Any CPU.Build.0 = Release|Any CPU
		{C0FCEF1B-CEE7-4BAA-91C4-3B482FC5A633}.Debug|Any CPU.ActiveCfg = Debug|Any CPU
		{C0FCEF1B-CEE7-4BAA-91C4-3B482FC5A633}.Debug|Any CPU.Build.0 = Debug|Any CPU
		{C0FCEF1B-CEE7-4BAA-91C4-3B482FC5A633}.Release|Any CPU.ActiveCfg = Release|Any CPU
		{C0FCEF1B-CEE7-4BAA-91C4-3B482FC5A633}.Release|Any CPU.Build.0 = Release|Any CPU
		{1FDC059B-86D6-44D0-8A7A-B53E1E373EAB}.Debug|Any CPU.ActiveCfg = Debug|Any CPU
		{1FDC059B-86D6-44D0-8A7A-B53E1E373EAB}.Debug|Any CPU.Build.0 = Debug|Any CPU
		{1FDC059B-86D6-44D0-8A7A-B53E1E373EAB}.Release|Any CPU.ActiveCfg = Release|Any CPU
		{1FDC059B-86D6-44D0-8A7A-B53E1E373EAB}.Release|Any CPU.Build.0 = Release|Any CPU
	EndGlobalSection
	GlobalSection(SolutionProperties) = preSolution
		HideSolutionNode = FALSE
	EndGlobalSection
	GlobalSection(NestedProjects) = preSolution
		{905B074E-406D-4D4B-ACF7-22B488EE4D2E} = {2600463A-238C-4171-8AA8-6BCD909ADDC7}
		{CA33AB9C-5D7A-4FBC-9127-B5C33CF970BF} = {25356525-8AFD-4B87-9D27-D1CA1D1A6A17}
		{36D70E09-29AE-4746-98DA-F6B4F67D5BDB} = {25356525-8AFD-4B87-9D27-D1CA1D1A6A17}
		{EA6E8F89-C6DE-45F5-B5A9-386F0C3F85A9} = {25356525-8AFD-4B87-9D27-D1CA1D1A6A17}
		{5B5FF0D8-2551-4AD8-975C-DEC7E7C1354E} = {25356525-8AFD-4B87-9D27-D1CA1D1A6A17}
		{DE6FD4F4-4847-4048-8D15-C3151E7CD5CC} = {E9436848-A5FC-41BE-B345-609E35C38C00}
		{476D9F6B-61B7-4FC2-824F-2CB9A0EA18E5} = {25356525-8AFD-4B87-9D27-D1CA1D1A6A17}
		{F3F9A996-DCDF-40E8-824F-5A7911AAB899} = {2600463A-238C-4171-8AA8-6BCD909ADDC7}
		{188F2939-5088-4C97-8397-DF1EB539A018} = {536F15A9-214D-459F-8EC4-8950C78E1BD0}
		{50EF97DA-CB06-4E4E-B596-C265CD5DBB2F} = {E9436848-A5FC-41BE-B345-609E35C38C00}
		{45718219-01C3-4B23-B0AD-628FF54EDD53} = {536F15A9-214D-459F-8EC4-8950C78E1BD0}
		{0C74D3D6-BAAE-4A51-BC12-438EF78D314C} = {536F15A9-214D-459F-8EC4-8950C78E1BD0}
		{F09036B9-FDC1-4010-BF71-BD10DD57794F} = {E9436848-A5FC-41BE-B345-609E35C38C00}
		{8478FB31-10FE-4E28-9B23-6ED51307794D} = {E9436848-A5FC-41BE-B345-609E35C38C00}
		{EADC41AC-9854-4EC6-B6AD-F7E8B22F087B} = {E9436848-A5FC-41BE-B345-609E35C38C00}
		{AFD148A8-8894-4B0F-987B-21ABB51D7D5F} = {536F15A9-214D-459F-8EC4-8950C78E1BD0}
		{C907C730-715E-493E-A965-B38945259E56} = {E9436848-A5FC-41BE-B345-609E35C38C00}
		{541DCCA7-7E6B-45DF-BAA8-4F5DCB922180} = {E9436848-A5FC-41BE-B345-609E35C38C00}
		{726DB87D-2DBE-4BD9-84D3-A48CC3E5096A} = {536F15A9-214D-459F-8EC4-8950C78E1BD0}
		{1C4CA042-61F5-49AA-8677-E786B9A4362C} = {2600463A-238C-4171-8AA8-6BCD909ADDC7}
		{C5FB311D-2E05-4D84-A136-F2C65FAD5A27} = {2600463A-238C-4171-8AA8-6BCD909ADDC7}
		{0C95BB42-C14B-4EA7-A765-4A48F373EEFA} = {2600463A-238C-4171-8AA8-6BCD909ADDC7}
		{C0FCEF1B-CEE7-4BAA-91C4-3B482FC5A633} = {2600463A-238C-4171-8AA8-6BCD909ADDC7}
		{1FDC059B-86D6-44D0-8A7A-B53E1E373EAB} = {2600463A-238C-4171-8AA8-6BCD909ADDC7}
	EndGlobalSection
	GlobalSection(ExtensibilityGlobals) = postSolution
		SolutionGuid = {167D4B81-B91A-4D40-AEEF-6CC3C49F9CD1}
	EndGlobalSection
EndGlobal
